
Microsoft Visual Studio Solution File, Format Version 12.00
# Visual Studio 15
VisualStudioVersion = 15.0.28307.329
MinimumVisualStudioVersion = 10.0.40219.1
Project("{FAE04EC0-301F-11D3-BF4B-00C04F79EFBC}") = "OrderProcessing.lib", "OrderProcessing.lib\OrderProcessing.lib.csproj", "{8AFC2D88-66C5-4585-A858-374031F4DE87}"
EndProject
Project("{FAE04EC0-301F-11D3-BF4B-00C04F79EFBC}") = "OrderProcessing.Lib.UnitTest", "OrderProcessing.Lib.unittest\OrderProcessing.Lib.UnitTest.csproj", "{95255D45-4B87-4D38-8D21-F4EFA60B81B8}"
EndProject
Project("{FAE04EC0-301F-11D3-BF4B-00C04F79EFBC}") = "SendMail", "ConsoleApp1\SendMail.csproj", "{148946C0-7D5D-4797-BA52-6416EF1B9398}"
EndProject
Global
	GlobalSection(SolutionConfigurationPlatforms) = preSolution
		Debug|Any CPU = Debug|Any CPU
		Release|Any CPU = Release|Any CPU
	EndGlobalSection
	GlobalSection(ProjectConfigurationPlatforms) = postSolution
		{8AFC2D88-66C5-4585-A858-374031F4DE87}.Debug|Any CPU.ActiveCfg = Debug|Any CPU
		{8AFC2D88-66C5-4585-A858-374031F4DE87}.Debug|Any CPU.Build.0 = Debug|Any CPU
		{8AFC2D88-66C5-4585-A858-374031F4DE87}.Release|Any CPU.ActiveCfg = Release|Any CPU
		{8AFC2D88-66C5-4585-A858-374031F4DE87}.Release|Any CPU.Build.0 = Release|Any CPU
		{95255D45-4B87-4D38-8D21-F4EFA60B81B8}.Debug|Any CPU.ActiveCfg = Debug|Any CPU
		{95255D45-4B87-4D38-8D21-F4EFA60B81B8}.Debug|Any CPU.Build.0 = Debug|Any CPU
		{95255D45-4B87-4D38-8D21-F4EFA60B81B8}.Release|Any CPU.ActiveCfg = Release|Any CPU
		{95255D45-4B87-4D38-8D21-F4EFA60B81B8}.Release|Any CPU.Build.0 = Release|Any CPU
		{148946C0-7D5D-4797-BA52-6416EF1B9398}.Debug|Any CPU.ActiveCfg = Debug|Any CPU
		{148946C0-7D5D-4797-BA52-6416EF1B9398}.Debug|Any CPU.Build.0 = Debug|Any CPU
		{148946C0-7D5D-4797-BA52-6416EF1B9398}.Release|Any CPU.ActiveCfg = Release|Any CPU
		{148946C0-7D5D-4797-BA52-6416EF1B9398}.Release|Any CPU.Build.0 = Release|Any CPU
	EndGlobalSection
	GlobalSection(SolutionProperties) = preSolution
		HideSolutionNode = FALSE
	EndGlobalSection
	GlobalSection(ExtensibilityGlobals) = postSolution
		SolutionGuid = {9AF35BDC-3516-45FE-9176-3BD3D0DDA6AA}
	EndGlobalSection
EndGlobal
